
Microsoft Visual Studio Solution File, Format Version 12.00
# Visual Studio Version 17
VisualStudioVersion = 17.5.33627.172
MinimumVisualStudioVersion = 10.0.40219.1
Project("{FAE04EC0-301F-11D3-BF4B-00C04F79EFBC}") = "Problema0.1", "Problema0.1\Problema0.1.csproj", "{F695E334-CC56-40B5-AD3D-ECC96ABE42DA}"
EndProject
Global
	GlobalSection(SolutionConfigurationPlatforms) = preSolution
		Debug|Any CPU = Debug|Any CPU
		Release|Any CPU = Release|Any CPU
	EndGlobalSection
	GlobalSection(ProjectConfigurationPlatforms) = postSolution
		{F695E334-CC56-40B5-AD3D-ECC96ABE42DA}.Debug|Any CPU.ActiveCfg = Debug|Any CPU
		{F695E334-CC56-40B5-AD3D-ECC96ABE42DA}.Debug|Any CPU.Build.0 = Debug|Any CPU
		{F695E334-CC56-40B5-AD3D-ECC96ABE42DA}.Release|Any CPU.ActiveCfg = Release|Any CPU
		{F695E334-CC56-40B5-AD3D-ECC96ABE42DA}.Release|Any CPU.Build.0 = Release|Any CPU
	EndGlobalSection
	GlobalSection(SolutionProperties) = preSolution
		HideSolutionNode = FALSE
	EndGlobalSection
	GlobalSection(ExtensibilityGlobals) = postSolution
		SolutionGuid = {0331B31F-2D39-4364-AB0A-569B418931BF}
	EndGlobalSection
EndGlobal
